
Microsoft Visual Studio Solution File, Format Version 12.00
# Visual Studio Version 16
VisualStudioVersion = 16.0.33423.256
MinimumVisualStudioVersion = 10.0.40219.1
Project("{FAE04EC0-301F-11D3-BF4B-00C04F79EFBC}") = "PrjPagamento", "PrjPagamento\PrjPagamento.csproj", "{EC4287AB-30CA-49E6-A2BC-60D239DB47BC}"
EndProject
Global
	GlobalSection(SolutionConfigurationPlatforms) = preSolution
		Debug|Any CPU = Debug|Any CPU
		Release|Any CPU = Release|Any CPU
	EndGlobalSection
	GlobalSection(ProjectConfigurationPlatforms) = postSolution
		{EC4287AB-30CA-49E6-A2BC-60D239DB47BC}.Debug|Any CPU.ActiveCfg = Debug|Any CPU
		{EC4287AB-30CA-49E6-A2BC-60D239DB47BC}.Debug|Any CPU.Build.0 = Debug|Any CPU
		{EC4287AB-30CA-49E6-A2BC-60D239DB47BC}.Release|Any CPU.ActiveCfg = Release|Any CPU
		{EC4287AB-30CA-49E6-A2BC-60D239DB47BC}.Release|Any CPU.Build.0 = Release|Any CPU
	EndGlobalSection
	GlobalSection(SolutionProperties) = preSolution
		HideSolutionNode = FALSE
	EndGlobalSection
	GlobalSection(ExtensibilityGlobals) = postSolution
		SolutionGuid = {93AB5042-A383-4884-B7CE-94E1AE335F90}
	EndGlobalSection
EndGlobal
